
Microsoft Visual Studio Solution File, Format Version 12.00
# Visual Studio 14
VisualStudioVersion = 14.0.24720.0
MinimumVisualStudioVersion = 10.0.40219.1
Project("{FAE04EC0-301F-11D3-BF4B-00C04F79EFBC}") = "DeviceManagement", "DeviceManagement\DeviceManagement.csproj", "{E9DF1D0B-E24F-4BC5-9B05-74F1BE9965BA}"
EndProject
Project("{FAE04EC0-301F-11D3-BF4B-00C04F79EFBC}") = "MyDevice", "MyDevice\MyDevice.csproj", "{9A5D95CA-D9AC-4CB9-BDDA-3013B5BEA20F}"
EndProject
Project("{FAE04EC0-301F-11D3-BF4B-00C04F79EFBC}") = "ReceiveDeviceToCloudMessages", "ReceiveDeviceToCloudMessages\ReceiveDeviceToCloudMessages.csproj", "{DA4809EE-9CAE-4597-B228-731B4AF6D7E0}"
EndProject
Project("{FAE04EC0-301F-11D3-BF4B-00C04F79EFBC}") = "SendCloudToDeviceMessages", "SendCloudToDeviceMessages\SendCloudToDeviceMessages.csproj", "{BFD67008-AE0E-4DC6-9108-2F19DDC1B6E1}"
EndProject
Global
	GlobalSection(SolutionConfigurationPlatforms) = preSolution
		Debug|Any CPU = Debug|Any CPU
		Release|Any CPU = Release|Any CPU
	EndGlobalSection
	GlobalSection(ProjectConfigurationPlatforms) = postSolution
		{E9DF1D0B-E24F-4BC5-9B05-74F1BE9965BA}.Debug|Any CPU.ActiveCfg = Debug|Any CPU
		{E9DF1D0B-E24F-4BC5-9B05-74F1BE9965BA}.Debug|Any CPU.Build.0 = Debug|Any CPU
		{E9DF1D0B-E24F-4BC5-9B05-74F1BE9965BA}.Release|Any CPU.ActiveCfg = Release|Any CPU
		{E9DF1D0B-E24F-4BC5-9B05-74F1BE9965BA}.Release|Any CPU.Build.0 = Release|Any CPU
		{9A5D95CA-D9AC-4CB9-BDDA-3013B5BEA20F}.Debug|Any CPU.ActiveCfg = Debug|Any CPU
		{9A5D95CA-D9AC-4CB9-BDDA-3013B5BEA20F}.Debug|Any CPU.Build.0 = Debug|Any CPU
		{9A5D95CA-D9AC-4CB9-BDDA-3013B5BEA20F}.Release|Any CPU.ActiveCfg = Release|Any CPU
		{9A5D95CA-D9AC-4CB9-BDDA-3013B5BEA20F}.Release|Any CPU.Build.0 = Release|Any CPU
		{DA4809EE-9CAE-4597-B228-731B4AF6D7E0}.Debug|Any CPU.ActiveCfg = Debug|Any CPU
		{DA4809EE-9CAE-4597-B228-731B4AF6D7E0}.Debug|Any CPU.Build.0 = Debug|Any CPU
		{DA4809EE-9CAE-4597-B228-731B4AF6D7E0}.Release|Any CPU.ActiveCfg = Release|Any CPU
		{DA4809EE-9CAE-4597-B228-731B4AF6D7E0}.Release|Any CPU.Build.0 = Release|Any CPU
		{BFD67008-AE0E-4DC6-9108-2F19DDC1B6E1}.Debug|Any CPU.ActiveCfg = Debug|Any CPU
		{BFD67008-AE0E-4DC6-9108-2F19DDC1B6E1}.Debug|Any CPU.Build.0 = Debug|Any CPU
		{BFD67008-AE0E-4DC6-9108-2F19DDC1B6E1}.Release|Any CPU.ActiveCfg = Release|Any CPU
		{BFD67008-AE0E-4DC6-9108-2F19DDC1B6E1}.Release|Any CPU.Build.0 = Release|Any CPU
	EndGlobalSection
	GlobalSection(SolutionProperties) = preSolution
		HideSolutionNode = FALSE
	EndGlobalSection
EndGlobal
